
Microsoft Visual Studio Solution File, Format Version 12.00
# Visual Studio 15
VisualStudioVersion = 15.0.28010.2003
MinimumVisualStudioVersion = 10.0.40219.1
Project("{FAE04EC0-301F-11D3-BF4B-00C04F79EFBC}") = "Laba4", "Laba4\Laba4.csproj", "{D59D5F5E-F1EE-4DB8-A4A9-213A1C9C0B91}"
EndProject
Project("{FAE04EC0-301F-11D3-BF4B-00C04F79EFBC}") = "JustDoIT", "JustDoIT\JustDoIT.csproj", "{8D694E2D-8A9F-4624-8D80-FEF47D121C59}"
EndProject
Global
	GlobalSection(SolutionConfigurationPlatforms) = preSolution
		Debug|Any CPU = Debug|Any CPU
		Release|Any CPU = Release|Any CPU
	EndGlobalSection
	GlobalSection(ProjectConfigurationPlatforms) = postSolution
		{D59D5F5E-F1EE-4DB8-A4A9-213A1C9C0B91}.Debug|Any CPU.ActiveCfg = Debug|Any CPU
		{D59D5F5E-F1EE-4DB8-A4A9-213A1C9C0B91}.Debug|Any CPU.Build.0 = Debug|Any CPU
		{D59D5F5E-F1EE-4DB8-A4A9-213A1C9C0B91}.Release|Any CPU.ActiveCfg = Release|Any CPU
		{D59D5F5E-F1EE-4DB8-A4A9-213A1C9C0B91}.Release|Any CPU.Build.0 = Release|Any CPU
		{8D694E2D-8A9F-4624-8D80-FEF47D121C59}.Debug|Any CPU.ActiveCfg = Debug|Any CPU
		{8D694E2D-8A9F-4624-8D80-FEF47D121C59}.Debug|Any CPU.Build.0 = Debug|Any CPU
		{8D694E2D-8A9F-4624-8D80-FEF47D121C59}.Release|Any CPU.ActiveCfg = Release|Any CPU
		{8D694E2D-8A9F-4624-8D80-FEF47D121C59}.Release|Any CPU.Build.0 = Release|Any CPU
	EndGlobalSection
	GlobalSection(SolutionProperties) = preSolution
		HideSolutionNode = FALSE
	EndGlobalSection
	GlobalSection(ExtensibilityGlobals) = postSolution
		SolutionGuid = {E363999D-816E-46D5-A5C9-492A1135E7F9}
	EndGlobalSection
EndGlobal
